<?xml version="1.0" encoding="utf-8"?>
<Project ToolsVersion="4.0" xmlns="http://schemas.microsoft.com/developer/msbuild/2003">
  <ItemGroup>
    <Filter Include="system">
      <UniqueIdentifier>{22dd8095-74f9-46df-81a1-36675a040b1f}</UniqueIdentifier>
    </Filter>
    <Filter Include="InGame">
      <UniqueIdentifier>{a3a26481-705e-462c-bc39-da83aaf30677}</UniqueIdentifier>
    </Filter>
    <Filter Include="Camera">
      <UniqueIdentifier>{0d78848c-98da-41fd-aa62-c00231c65f54}</UniqueIdentifier>
    </Filter>
  </ItemGroup>
  <ItemGroup>
    <ClCompile Include="stdafx.cpp" />
    <ClCompile Include="main.cpp" />
    <ClCompile Include="system\system.cpp">
      <Filter>system</Filter>
    </ClCompile>
    <ClCompile Include="Game.cpp" />
    <ClCompile Include="Aircraft.cpp" />
    <ClCompile Include="LiftingSurface.cpp" />
    <ClCompile Include="PlacementObject.cpp" />
    <ClCompile Include="CoinManager.cpp" />
    <ClCompile Include="Coin.cpp" />
    <ClCompile Include="ScoreManager.cpp" />
    <ClCompile Include="SoundManager.cpp" />
    <ClCompile Include="Stage.cpp" />
    <ClCompile Include="SceneLoader\SceneLoader.cpp" />
    <ClCompile Include="SceneLoader\TransformHelper.cpp" />
    <ClCompile Include="SceneManager.cpp" />
    <ClCompile Include="IScene.cpp" />
    <ClCompile Include="GameManager.cpp" />
    <ClCompile Include="TitleScene.cpp" />
    <ClCompile Include="IInGameState.cpp">
      <Filter>InGame</Filter>
    </ClCompile>
    <ClCompile Include="InGameStateManager.cpp">
      <Filter>InGame</Filter>
    </ClCompile>
    <ClCompile Include="GamePlayState.cpp">
      <Filter>InGame</Filter>
    </ClCompile>
    <ClCompile Include="InGameScene.cpp">
      <Filter>InGame</Filter>
    </ClCompile>
    <ClCompile Include="CameraManager.cpp">
      <Filter>Camera</Filter>
    </ClCompile>
    <ClCompile Include="ICameraController.cpp">
      <Filter>Camera</Filter>
    </ClCompile>
    <ClCompile Include="SpringFollowController.cpp">
      <Filter>Camera</Filter>
    </ClCompile>
    <ClCompile Include="StaticController.cpp">
      <Filter>Camera</Filter>
    </ClCompile>
  </ItemGroup>
  <ItemGroup>
    <ClInclude Include="stdafx.h" />
    <ClInclude Include="system\system.h">
      <Filter>system</Filter>
    </ClInclude>
    <ClInclude Include="Game.h" />
    <ClInclude Include="Aircraft.h" />
    <ClInclude Include="LiftingSurface.h" />
    <ClInclude Include="AircraftState.h" />
    <ClInclude Include="PlacementObject.h" />
    <ClInclude Include="CoinManager.h" />
    <ClInclude Include="Coin.h" />
    <ClInclude Include="ScoreManager.h" />
    <ClInclude Include="SoundManager.h" />
    <ClInclude Include="Stage.h" />
    <ClInclude Include="SceneLoader\SceneLoader.h" />
    <ClInclude Include="SceneLoader\TransformHelper.h" />
    <ClInclude Include="SceneManager.h" />
    <ClInclude Include="IScene.h" />
    <ClInclude Include="GameManager.h" />
    <ClInclude Include="TitleScene.h" />
    <ClInclude Include="SceneStateContext.h" />
    <ClInclude Include="IInGameState.h">
      <Filter>InGame</Filter>
    </ClInclude>
    <ClInclude Include="InGameStateManager.h">
      <Filter>InGame</Filter>
    </ClInclude>
    <ClInclude Include="GamePlayState.h">
      <Filter>InGame</Filter>
    </ClInclude>
    <ClInclude Include="InGameScene.h">
      <Filter>InGame</Filter>
    </ClInclude>
    <ClInclude Include="CameraManager.h">
      <Filter>Camera</Filter>
    </ClInclude>
    <ClInclude Include="ICameraController.h">
      <Filter>Camera</Filter>
    </ClInclude>
    <ClInclude Include="SpringFollowController.h">
      <Filter>Camera</Filter>
    </ClInclude>
    <ClInclude Include="CameraTypes.h">
      <Filter>Camera</Filter>
    </ClInclude>
    <ClInclude Include="StaticController.h">
      <Filter>Camera</Filter>
    </ClInclude>
  </ItemGroup>
</Project>