<?xml version="1.0" encoding="utf-8"?>
<Project ToolsVersion="4.0" xmlns="http://schemas.microsoft.com/developer/msbuild/2003">
  <ItemGroup>
    <Filter Include="system">
      <UniqueIdentifier>{22dd8095-74f9-46df-81a1-36675a040b1f}</UniqueIdentifier>
    </Filter>
    <Filter Include="Camera">
      <UniqueIdentifier>{0d78848c-98da-41fd-aa62-c00231c65f54}</UniqueIdentifier>
    </Filter>
    <Filter Include="InGameState">
      <UniqueIdentifier>{a3dd146d-1a31-422b-8fef-bbc965e12ad5}</UniqueIdentifier>
    </Filter>
    <Filter Include="Scene">
      <UniqueIdentifier>{8099db67-bc97-4fa0-ae0e-11cad0092518}</UniqueIdentifier>
    </Filter>
  </ItemGroup>
  <ItemGroup>
    <ClCompile Include="stdafx.cpp" />
    <ClCompile Include="main.cpp" />
    <ClCompile Include="system\system.cpp">
      <Filter>system</Filter>
    </ClCompile>
    <ClCompile Include="Game.cpp" />
    <ClCompile Include="Aircraft.cpp" />
    <ClCompile Include="LiftingSurface.cpp" />
    <ClCompile Include="PlacementObject.cpp" />
    <ClCompile Include="CoinManager.cpp" />
    <ClCompile Include="Coin.cpp" />
    <ClCompile Include="ScoreManager.cpp" />
    <ClCompile Include="SoundManager.cpp" />
    <ClCompile Include="Stage.cpp" />
    <ClCompile Include="SceneLoader\SceneLoader.cpp" />
    <ClCompile Include="SceneLoader\TransformHelper.cpp" />
    <ClCompile Include="IScene.cpp" />
    <ClCompile Include="GameManager.cpp" />
    <ClCompile Include="CameraManager.cpp">
      <Filter>Camera</Filter>
    </ClCompile>
    <ClCompile Include="ICameraController.cpp">
      <Filter>Camera</Filter>
    </ClCompile>
    <ClCompile Include="SpringFollowController.cpp">
      <Filter>Camera</Filter>
    </ClCompile>
    <ClCompile Include="StaticController.cpp">
      <Filter>Camera</Filter>
    </ClCompile>
    <ClCompile Include="Timer.cpp" />
    <ClCompile Include="InGameStateManager.cpp">
      <Filter>InGameState</Filter>
    </ClCompile>
    <ClCompile Include="IInGameState.cpp">
      <Filter>InGameState</Filter>
    </ClCompile>
    <ClCompile Include="GamePlayState.cpp">
      <Filter>InGameState</Filter>
    </ClCompile>
    <ClCompile Include="SceneManager.cpp">
      <Filter>Scene</Filter>
    </ClCompile>
    <ClCompile Include="InGameScene.cpp">
      <Filter>Scene</Filter>
    </ClCompile>
    <ClCompile Include="TitleScene.cpp">
      <Filter>Scene</Filter>
    </ClCompile>
    <ClCompile Include="ResoltState.cpp">
      <Filter>InGameState</Filter>
    </ClCompile>
  </ItemGroup>
  <ItemGroup>
    <ClInclude Include="stdafx.h" />
    <ClInclude Include="system\system.h">
      <Filter>system</Filter>
    </ClInclude>
    <ClInclude Include="Game.h" />
    <ClInclude Include="Aircraft.h" />
    <ClInclude Include="LiftingSurface.h" />
    <ClInclude Include="AircraftState.h" />
    <ClInclude Include="PlacementObject.h" />
    <ClInclude Include="CoinManager.h" />
    <ClInclude Include="Coin.h" />
    <ClInclude Include="ScoreManager.h" />
    <ClInclude Include="SoundManager.h" />
    <ClInclude Include="Stage.h" />
    <ClInclude Include="SceneLoader\SceneLoader.h" />
    <ClInclude Include="SceneLoader\TransformHelper.h" />
    <ClInclude Include="IScene.h" />
    <ClInclude Include="GameManager.h" />
    <ClInclude Include="CameraManager.h">
      <Filter>Camera</Filter>
    </ClInclude>
    <ClInclude Include="ICameraController.h">
      <Filter>Camera</Filter>
    </ClInclude>
    <ClInclude Include="SpringFollowController.h">
      <Filter>Camera</Filter>
    </ClInclude>
    <ClInclude Include="CameraTypes.h">
      <Filter>Camera</Filter>
    </ClInclude>
    <ClInclude Include="StaticController.h">
      <Filter>Camera</Filter>
    </ClInclude>
    <ClInclude Include="Timer.h" />
    <ClInclude Include="InGameStateManager.h">
      <Filter>InGameState</Filter>
    </ClInclude>
    <ClInclude Include="IInGameState.h">
      <Filter>InGameState</Filter>
    </ClInclude>
    <ClInclude Include="InGameStateType.h">
      <Filter>InGameState</Filter>
    </ClInclude>
    <ClInclude Include="GamePlayState.h">
      <Filter>InGameState</Filter>
    </ClInclude>
    <ClInclude Include="SceneManager.h">
      <Filter>Scene</Filter>
    </ClInclude>
    <ClInclude Include="SceneStateContext.h">
      <Filter>Scene</Filter>
    </ClInclude>
    <ClInclude Include="SceneType.h">
      <Filter>Scene</Filter>
    </ClInclude>
    <ClInclude Include="InGameScene.h">
      <Filter>Scene</Filter>
    </ClInclude>
    <ClInclude Include="TitleScene.h">
      <Filter>Scene</Filter>
    </ClInclude>
    <ClInclude Include="ResoltState.h">
      <Filter>InGameState</Filter>
    </ClInclude>
  </ItemGroup>
</Project>